
Microsoft Visual Studio Solution File, Format Version 12.00
# Visual Studio Version 17
VisualStudioVersion = 17.7.34221.43
MinimumVisualStudioVersion = 10.0.40219.1
Project("{FAE04EC0-301F-11D3-BF4B-00C04F79EFBC}") = "BattleshipGameAPI", "BattleshipGameAPI\BattleshipGameAPI.csproj", "{315AA5F9-53C5-4255-9476-82FAD3483929}"
EndProject
Project("{FAE04EC0-301F-11D3-BF4B-00C04F79EFBC}") = "BattleshipGameTests", "BattleshipGameTests\BattleshipGameTests.csproj", "{A7B2CB37-D403-41D2-9EAE-EAFDAED5D5CD}"
EndProject
Global
	GlobalSection(SolutionConfigurationPlatforms) = preSolution
		Debug|Any CPU = Debug|Any CPU
		Release|Any CPU = Release|Any CPU
	EndGlobalSection
	GlobalSection(ProjectConfigurationPlatforms) = postSolution
		{315AA5F9-53C5-4255-9476-82FAD3483929}.Debug|Any CPU.ActiveCfg = Debug|Any CPU
		{315AA5F9-53C5-4255-9476-82FAD3483929}.Debug|Any CPU.Build.0 = Debug|Any CPU
		{315AA5F9-53C5-4255-9476-82FAD3483929}.Release|Any CPU.ActiveCfg = Release|Any CPU
		{315AA5F9-53C5-4255-9476-82FAD3483929}.Release|Any CPU.Build.0 = Release|Any CPU
		{A7B2CB37-D403-41D2-9EAE-EAFDAED5D5CD}.Debug|Any CPU.ActiveCfg = Debug|Any CPU
		{A7B2CB37-D403-41D2-9EAE-EAFDAED5D5CD}.Debug|Any CPU.Build.0 = Debug|Any CPU
		{A7B2CB37-D403-41D2-9EAE-EAFDAED5D5CD}.Release|Any CPU.ActiveCfg = Release|Any CPU
		{A7B2CB37-D403-41D2-9EAE-EAFDAED5D5CD}.Release|Any CPU.Build.0 = Release|Any CPU
	EndGlobalSection
	GlobalSection(SolutionProperties) = preSolution
		HideSolutionNode = FALSE
	EndGlobalSection
	GlobalSection(ExtensibilityGlobals) = postSolution
		SolutionGuid = {57E5F7DE-A1EF-4DB2-8D23-A34F1FB4ABF4}
	EndGlobalSection
EndGlobal
